github.com/khayyamsaleem/hugo-lightbox-gallery v0.0.0-20230521014959-c88845799b57 h1:kqDO6DFb9qN/Mhrybt9kHd5QOYnkfnv3Z+D1oqIhaWw=
github.com/khayyamsaleem/hugo-lightbox-gallery v0.0.0-20230521014959-c88845799b57/go.mod h1:T+9Zdfh82Hwi1qR3JDph908VqpsB6TBWHF3/UuQckbc=
github.com/lgaida/mediumish-gohugo-theme v0.0.0-20230202155000-10fe85e58df4 h1:Wpj9u6J58ijG9jPHZbnMsSK+bMiU4UnyqVaA2fNPMWY=
github.com/lgaida/mediumish-gohugo-theme v0.0.0-20230202155000-10fe85e58df4/go.mod h1:AEOc9YAQqiKhSTl+b4euG7JAWDUlgHqkOT3nU5BkPuw=
